{
  "name": "repo-aeo",
  "version": "0.1.0",
  "lockfileVersion": 3,
  "requires": true,
  "packages": {
    "": {
      "name": "repo-aeo",
      "version": "0.1.0",
      "license": "MIT",
      "workspaces": [
        "packages/*"
      ],
      "engines": {
        "node": ">=18"
      }
    },
    "node_modules/@repo-aeo/rdk-cli": {
      "resolved": "packages/rdk-cli",
      "link": true
    },
    "node_modules/repo-aeo-mcp": {
      "resolved": "packages/repo-aeo-mcp",
      "link": true
    },
    "packages/rdk-cli": {
      "name": "@repo-aeo/rdk-cli",
      "version": "0.1.0",
      "license": "MIT",
      "bin": {
        "rdk": "bin/rdk.js"
      },
      "engines": {
        "node": ">=18"
      }
    },
    "packages/repo-aeo-mcp": {
      "version": "0.1.0",
      "license": "MIT",
      "dependencies": {
        "@repo-aeo/rdk-cli": "0.1.0"
      },
      "bin": {
        "repo-aeo-mcp": "bin/repo-aeo-mcp.js"
      },
      "engines": {
        "node": ">=18"
      }
    }
  }
}
